# THIS IS AN AUTOGENERATED FILE. DO NOT EDIT THIS FILE DIRECTLY.
# yarn lockfile v1


"@firebase/analytics-compat@0.2.6":
  version "0.2.6"
  resolved "https://registry.yarnpkg.com/@firebase/analytics-compat/-/analytics-compat-0.2.6.tgz#50063978c42f13eb800e037e96ac4b17236841f4"
  integrity sha512-4MqpVLFkGK7NJf/5wPEEP7ePBJatwYpyjgJ+wQHQGHfzaCDgntOnl9rL2vbVGGKCnRqWtZDIWhctB86UWXaX2Q==
  dependencies:
    "@firebase/analytics" "0.10.0"
    "@firebase/analytics-types" "0.8.0"
    "@firebase/component" "0.6.4"
    "@firebase/util" "1.9.3"
    tslib "^2.1.0"

"@firebase/analytics-types@0.8.0":
  version "0.8.0"
  resolved "https://registry.yarnpkg.com/@firebase/analytics-types/-/analytics-types-0.8.0.tgz#551e744a29adbc07f557306530a2ec86add6d410"
  integrity sha512-iRP+QKI2+oz3UAh4nPEq14CsEjrjD6a5+fuypjScisAh9kXKFvdJOZJDwk7kikLvWVLGEs9+kIUS4LPQV7VZVw==

"@firebase/analytics@0.10.0":
  version "0.10.0"
  resolved "https://registry.yarnpkg.com/@firebase/analytics/-/analytics-0.10.0.tgz#9c6986acd573c6c6189ffb52d0fd63c775db26d7"
  integrity sha512-Locv8gAqx0e+GX/0SI3dzmBY5e9kjVDtD+3zCFLJ0tH2hJwuCAiL+5WkHuxKj92rqQj/rvkBUCfA1ewlX2hehg==
  dependencies:
    "@firebase/component" "0.6.4"
    "@firebase/installations" "0.6.4"
    "@firebase/logger" "0.4.0"
    "@firebase/util" "1.9.3"
    tslib "^2.1.0"

"@firebase/app-check-compat@0.3.7":
  version "0.3.7"
  resolved "https://registry.yarnpkg.com/@firebase/app-check-compat/-/app-check-compat-0.3.7.tgz#e150f61d653a0f2043a34dcb995616a717161839"
  integrity sha512-cW682AxsyP1G+Z0/P7pO/WT2CzYlNxoNe5QejVarW2o5ZxeWSSPAiVEwpEpQR/bUlUmdeWThYTMvBWaopdBsqw==
  dependencies:
    "@firebase/app-check" "0.8.0"
    "@firebase/app-check-types" "0.5.0"
    "@firebase/component" "0.6.4"
    "@firebase/logger" "0.4.0"
    "@firebase/util" "1.9.3"
    tslib "^2.1.0"

"@firebase/app-check-interop-types@0.3.0":
  version "0.3.0"
  resolved "https://registry.yarnpkg.com/@firebase/app-check-interop-types/-/app-check-interop-types-0.3.0.tgz#b27ea1397cb80427f729e4bbf3a562f2052955c4"
  integrity sha512-xAxHPZPIgFXnI+vb4sbBjZcde7ZluzPPaSK7Lx3/nmuVk4TjZvnL8ONnkd4ERQKL8WePQySU+pRcWkh8rDf5Sg==

"@firebase/app-check-types@0.5.0":
  version "0.5.0"
  resolved "https://registry.yarnpkg.com/@firebase/app-check-types/-/app-check-types-0.5.0.tgz#1b02826213d7ce6a1cf773c329b46ea1c67064f4"
  integrity sha512-uwSUj32Mlubybw7tedRzR24RP8M8JUVR3NPiMk3/Z4bCmgEKTlQBwMXrehDAZ2wF+TsBq0SN1c6ema71U/JPyQ==

"@firebase/app-check@0.8.0":
  version "0.8.0"
  resolved "https://registry.yarnpkg.com/@firebase/app-check/-/app-check-0.8.0.tgz#b531ec40900af9c3cf1ec63de9094a0ddd733d6a"
  integrity sha512-dRDnhkcaC2FspMiRK/Vbp+PfsOAEP6ZElGm9iGFJ9fDqHoPs0HOPn7dwpJ51lCFi1+2/7n5pRPGhqF/F03I97g==
  dependencies:
    "@firebase/component" "0.6.4"
    "@firebase/logger" "0.4.0"
    "@firebase/util" "1.9.3"
    tslib "^2.1.0"

"@firebase/app-compat@0.2.13":
  version "0.2.13"
  resolved "https://registry.yarnpkg.com/@firebase/app-compat/-/app-compat-0.2.13.tgz#c42d392f45f2c9fef1631cb3ae36d53296aa6407"
  integrity sha512-j6ANZaWjeVy5zg6X7uiqh6lM6o3n3LD1+/SJFNs9V781xyryyZWXe+tmnWNWPkP086QfJoNkWN9pMQRqSG4vMg==
  dependencies:
    "@firebase/app" "0.9.13"
    "@firebase/component" "0.6.4"
    "@firebase/logger" "0.4.0"
    "@firebase/util" "1.9.3"
    tslib "^2.1.0"

"@firebase/app-types@0.9.0":
  version "0.9.0"
  resolved "https://registry.yarnpkg.com/@firebase/app-types/-/app-types-0.9.0.tgz#35b5c568341e9e263b29b3d2ba0e9cfc9ec7f01e"
  integrity sha512-AeweANOIo0Mb8GiYm3xhTEBVCmPwTYAu9Hcd2qSkLuga/6+j9b1Jskl5bpiSQWy9eJ/j5pavxj6eYogmnuzm+Q==

"@firebase/app@0.9.13":
  version "0.9.13"
  resolved "https://registry.yarnpkg.com/@firebase/app/-/app-0.9.13.tgz#b1d3ad63d52f235a0d70a9b4261cabb3a24690d7"
  integrity sha512-GfiI1JxJ7ecluEmDjPzseRXk/PX31hS7+tjgBopL7XjB2hLUdR+0FTMXy2Q3/hXezypDvU6or7gVFizDESrkXw==
  dependencies:
    "@firebase/component" "0.6.4"
    "@firebase/logger" "0.4.0"
    "@firebase/util" "1.9.3"
    idb "7.1.1"
    tslib "^2.1.0"

"@firebase/auth-compat@0.4.2":
  version "0.4.2"
  resolved "https://registry.yarnpkg.com/@firebase/auth-compat/-/auth-compat-0.4.2.tgz#cb65edc2fbd5f72fff32310409f2fd702b5145e7"
  integrity sha512-Q30e77DWXFmXEt5dg5JbqEDpjw9y3/PcP9LslDPR7fARmAOTIY9MM6HXzm9KC+dlrKH/+p6l8g9ifJiam9mc4A==
  dependencies:
    "@firebase/auth" "0.23.2"
    "@firebase/auth-types" "0.12.0"
    "@firebase/component" "0.6.4"
    "@firebase/util" "1.9.3"
    node-fetch "2.6.7"
    tslib "^2.1.0"

"@firebase/auth-interop-types@0.2.1":
  version "0.2.1"
  resolved "https://registry.yarnpkg.com/@firebase/auth-interop-types/-/auth-interop-types-0.2.1.tgz#78884f24fa539e34a06c03612c75f222fcc33742"
  integrity sha512-VOaGzKp65MY6P5FI84TfYKBXEPi6LmOCSMMzys6o2BN2LOsqy7pCuZCup7NYnfbk5OkkQKzvIfHOzTm0UDpkyg==

"@firebase/auth-types@0.12.0":
  version "0.12.0"
  resolved "https://registry.yarnpkg.com/@firebase/auth-types/-/auth-types-0.12.0.tgz#f28e1b68ac3b208ad02a15854c585be6da3e8e79"
  integrity sha512-pPwaZt+SPOshK8xNoiQlK5XIrS97kFYc3Rc7xmy373QsOJ9MmqXxLaYssP5Kcds4wd2qK//amx/c+A8O2fVeZA==

"@firebase/auth@0.23.2":
  version "0.23.2"
  resolved "https://registry.yarnpkg.com/@firebase/auth/-/auth-0.23.2.tgz#9e6d8dd550a28053c1825fb98c7dc9b37119254d"
  integrity sha512-dM9iJ0R6tI1JczuGSxXmQbXAgtYie0K4WvKcuyuSTCu9V8eEDiz4tfa1sO3txsfvwg7nOY3AjoCyMYEdqZ8hdg==
  dependencies:
    "@firebase/component" "0.6.4"
    "@firebase/logger" "0.4.0"
    "@firebase/util" "1.9.3"
    node-fetch "2.6.7"
    tslib "^2.1.0"

"@firebase/component@0.6.4":
  version "0.6.4"
  resolved "https://registry.yarnpkg.com/@firebase/component/-/component-0.6.4.tgz#8981a6818bd730a7554aa5e0516ffc9b1ae3f33d"
  integrity sha512-rLMyrXuO9jcAUCaQXCMjCMUsWrba5fzHlNK24xz5j2W6A/SRmK8mZJ/hn7V0fViLbxC0lPMtrK1eYzk6Fg03jA==
  dependencies:
    "@firebase/util" "1.9.3"
    tslib "^2.1.0"

"@firebase/database-compat@0.3.4":
  version "0.3.4"
  resolved "https://registry.yarnpkg.com/@firebase/database-compat/-/database-compat-0.3.4.tgz#4e57932f7a5ba761cd5ac946ab6b6ab3f660522c"
  integrity sha512-kuAW+l+sLMUKBThnvxvUZ+Q1ZrF/vFJ58iUY9kAcbX48U03nVzIF6Tmkf0p3WVQwMqiXguSgtOPIB6ZCeF+5Gg==
  dependencies:
    "@firebase/component" "0.6.4"
    "@firebase/database" "0.14.4"
    "@firebase/database-types" "0.10.4"
    "@firebase/logger" "0.4.0"
    "@firebase/util" "1.9.3"
    tslib "^2.1.0"

"@firebase/database-types@0.10.4":
  version "0.10.4"
  resolved "https://registry.yarnpkg.com/@firebase/database-types/-/database-types-0.10.4.tgz#47ba81113512dab637abace61cfb65f63d645ca7"
  integrity sha512-dPySn0vJ/89ZeBac70T+2tWWPiJXWbmRygYv0smT5TfE3hDrQ09eKMF3Y+vMlTdrMWq7mUdYW5REWPSGH4kAZQ==
  dependencies:
    "@firebase/app-types" "0.9.0"
    "@firebase/util" "1.9.3"

"@firebase/database@0.14.4":
  version "0.14.4"
  resolved "https://registry.yarnpkg.com/@firebase/database/-/database-0.14.4.tgz#9e7435a16a540ddfdeb5d99d45618e6ede179aa6"
  integrity sha512-+Ea/IKGwh42jwdjCyzTmeZeLM3oy1h0mFPsTy6OqCWzcu/KFqRAr5Tt1HRCOBlNOdbh84JPZC47WLU18n2VbxQ==
  dependencies:
    "@firebase/auth-interop-types" "0.2.1"
    "@firebase/component" "0.6.4"
    "@firebase/logger" "0.4.0"
    "@firebase/util" "1.9.3"
    faye-websocket "0.11.4"
    tslib "^2.1.0"

"@firebase/firestore-compat@0.3.12":
  version "0.3.12"
  resolved "https://registry.yarnpkg.com/@firebase/firestore-compat/-/firestore-compat-0.3.12.tgz#c08b24c76da7af75598f3c28432b6eb22f959b56"
  integrity sha512-mazuNGAx5Kt9Nph0pm6ULJFp/+j7GSsx+Ncw1GrnKl+ft1CQ4q2LcUssXnjqkX2Ry0fNGqUzC1mfIUrk9bYtjQ==
  dependencies:
    "@firebase/component" "0.6.4"
    "@firebase/firestore" "3.13.0"
    "@firebase/firestore-types" "2.5.1"
    "@firebase/util" "1.9.3"
    tslib "^2.1.0"

"@firebase/firestore-types@2.5.1":
  version "2.5.1"
  resolved "https://registry.yarnpkg.com/@firebase/firestore-types/-/firestore-types-2.5.1.tgz#464b2ee057956599ca34de50eae957c30fdbabb7"
  integrity sha512-xG0CA6EMfYo8YeUxC8FeDzf6W3FX1cLlcAGBYV6Cku12sZRI81oWcu61RSKM66K6kUENP+78Qm8mvroBcm1whw==

"@firebase/firestore@3.13.0":
  version "3.13.0"
  resolved "https://registry.yarnpkg.com/@firebase/firestore/-/firestore-3.13.0.tgz#f924a3bb462bc3ac666dc5d375f3f8c4e1a72345"
  integrity sha512-NwcnU+madJXQ4fbLkGx1bWvL612IJN/qO6bZ6dlPmyf7QRyu5azUosijdAN675r+bOOJxMtP1Bv981bHBXAbUg==
  dependencies:
    "@firebase/component" "0.6.4"
    "@firebase/logger" "0.4.0"
    "@firebase/util" "1.9.3"
    "@firebase/webchannel-wrapper" "0.10.1"
    "@grpc/grpc-js" "~1.7.0"
    "@grpc/proto-loader" "^0.6.13"
    node-fetch "2.6.7"
    tslib "^2.1.0"

"@firebase/functions-compat@0.3.5":
  version "0.3.5"
  resolved "https://registry.yarnpkg.com/@firebase/functions-compat/-/functions-compat-0.3.5.tgz#7a532d3a9764c6d5fbc1ec5541a989a704326647"
  integrity sha512-uD4jwgwVqdWf6uc3NRKF8cSZ0JwGqSlyhPgackyUPe+GAtnERpS4+Vr66g0b3Gge0ezG4iyHo/EXW/Hjx7QhHw==
  dependencies:
    "@firebase/component" "0.6.4"
    "@firebase/functions" "0.10.0"
    "@firebase/functions-types" "0.6.0"
    "@firebase/util" "1.9.3"
    tslib "^2.1.0"

"@firebase/functions-types@0.6.0":
  version "0.6.0"
  resolved "https://registry.yarnpkg.com/@firebase/functions-types/-/functions-types-0.6.0.tgz#ccd7000dc6fc668f5acb4e6a6a042a877a555ef2"
  integrity sha512-hfEw5VJtgWXIRf92ImLkgENqpL6IWpYaXVYiRkFY1jJ9+6tIhWM7IzzwbevwIIud/jaxKVdRzD7QBWfPmkwCYw==

"@firebase/functions@0.10.0":
  version "0.10.0"
  resolved "https://registry.yarnpkg.com/@firebase/functions/-/functions-0.10.0.tgz#c630ddf12cdf941c25bc8d554e30c3226cd560f6"
  integrity sha512-2U+fMNxTYhtwSpkkR6WbBcuNMOVaI7MaH3cZ6UAeNfj7AgEwHwMIFLPpC13YNZhno219F0lfxzTAA0N62ndWzA==
  dependencies:
    "@firebase/app-check-interop-types" "0.3.0"
    "@firebase/auth-interop-types" "0.2.1"
    "@firebase/component" "0.6.4"
    "@firebase/messaging-interop-types" "0.2.0"
    "@firebase/util" "1.9.3"
    node-fetch "2.6.7"
    tslib "^2.1.0"

"@firebase/installations-compat@0.2.4":
  version "0.2.4"
  resolved "https://registry.yarnpkg.com/@firebase/installations-compat/-/installations-compat-0.2.4.tgz#b5557c897b4cd3635a59887a8bf69c3731aaa952"
  integrity sha512-LI9dYjp0aT9Njkn9U4JRrDqQ6KXeAmFbRC0E7jI7+hxl5YmRWysq5qgQl22hcWpTk+cm3es66d/apoDU/A9n6Q==
  dependencies:
    "@firebase/component" "0.6.4"
    "@firebase/installations" "0.6.4"
    "@firebase/installations-types" "0.5.0"
    "@firebase/util" "1.9.3"
    tslib "^2.1.0"

"@firebase/installations-types@0.5.0":
  version "0.5.0"
  resolved "https://registry.yarnpkg.com/@firebase/installations-types/-/installations-types-0.5.0.tgz#2adad64755cd33648519b573ec7ec30f21fb5354"
  integrity sha512-9DP+RGfzoI2jH7gY4SlzqvZ+hr7gYzPODrbzVD82Y12kScZ6ZpRg/i3j6rleto8vTFC8n6Len4560FnV1w2IRg==

"@firebase/installations@0.6.4":
  version "0.6.4"
  resolved "https://registry.yarnpkg.com/@firebase/installations/-/installations-0.6.4.tgz#20382e33e6062ac5eff4bede8e468ed4c367609e"
  integrity sha512-u5y88rtsp7NYkCHC3ElbFBrPtieUybZluXyzl7+4BsIz4sqb4vSAuwHEUgCgCeaQhvsnxDEU6icly8U9zsJigA==
  dependencies:
    "@firebase/component" "0.6.4"
    "@firebase/util" "1.9.3"
    idb "7.0.1"
    tslib "^2.1.0"

"@firebase/logger@0.4.0":
  version "0.4.0"
  resolved "https://registry.yarnpkg.com/@firebase/logger/-/logger-0.4.0.tgz#15ecc03c452525f9d47318ad9491b81d1810f113"
  integrity sha512-eRKSeykumZ5+cJPdxxJRgAC3G5NknY2GwEbKfymdnXtnT0Ucm4pspfR6GT4MUQEDuJwRVbVcSx85kgJulMoFFA==
  dependencies:
    tslib "^2.1.0"

"@firebase/messaging-compat@0.2.4":
  version "0.2.4"
  resolved "https://registry.yarnpkg.com/@firebase/messaging-compat/-/messaging-compat-0.2.4.tgz#323ca48deef77065b4fcda3cfd662c4337dffcfd"
  integrity sha512-lyFjeUhIsPRYDPNIkYX1LcZMpoVbBWXX4rPl7c/rqc7G+EUea7IEtSt4MxTvh6fDfPuzLn7+FZADfscC+tNMfg==
  dependencies:
    "@firebase/component" "0.6.4"
    "@firebase/messaging" "0.12.4"
    "@firebase/util" "1.9.3"
    tslib "^2.1.0"

"@firebase/messaging-interop-types@0.2.0":
  version "0.2.0"
  resolved "https://registry.yarnpkg.com/@firebase/messaging-interop-types/-/messaging-interop-types-0.2.0.tgz#6056f8904a696bf0f7fdcf5f2ca8f008e8f6b064"
  integrity sha512-ujA8dcRuVeBixGR9CtegfpU4YmZf3Lt7QYkcj693FFannwNuZgfAYaTmbJ40dtjB81SAu6tbFPL9YLNT15KmOQ==

"@firebase/messaging@0.12.4":
  version "0.12.4"
  resolved "https://registry.yarnpkg.com/@firebase/messaging/-/messaging-0.12.4.tgz#ccb49df5ab97d5650c9cf5b8c77ddc34daafcfe0"
  integrity sha512-6JLZct6zUaex4g7HI3QbzeUrg9xcnmDAPTWpkoMpd/GoSVWH98zDoWXMGrcvHeCAIsLpFMe4MPoZkJbrPhaASw==
  dependencies:
    "@firebase/component" "0.6.4"
    "@firebase/installations" "0.6.4"
    "@firebase/messaging-interop-types" "0.2.0"
    "@firebase/util" "1.9.3"
    idb "7.0.1"
    tslib "^2.1.0"

"@firebase/performance-compat@0.2.4":
  version "0.2.4"
  resolved "https://registry.yarnpkg.com/@firebase/performance-compat/-/performance-compat-0.2.4.tgz#95cbf32057b5d9f0c75d804bc50e6ed3ba486274"
  integrity sha512-nnHUb8uP9G8islzcld/k6Bg5RhX62VpbAb/Anj7IXs/hp32Eb2LqFPZK4sy3pKkBUO5wcrlRWQa6wKOxqlUqsg==
  dependencies:
    "@firebase/component" "0.6.4"
    "@firebase/logger" "0.4.0"
    "@firebase/performance" "0.6.4"
    "@firebase/performance-types" "0.2.0"
    "@firebase/util" "1.9.3"
    tslib "^2.1.0"

"@firebase/performance-types@0.2.0":
  version "0.2.0"
  resolved "https://registry.yarnpkg.com/@firebase/performance-types/-/performance-types-0.2.0.tgz#400685f7a3455970817136d9b48ce07a4b9562ff"
  integrity sha512-kYrbr8e/CYr1KLrLYZZt2noNnf+pRwDq2KK9Au9jHrBMnb0/C9X9yWSXmZkFt4UIdsQknBq8uBB7fsybZdOBTA==

"@firebase/performance@0.6.4":
  version "0.6.4"
  resolved "https://registry.yarnpkg.com/@firebase/performance/-/performance-0.6.4.tgz#0ad766bfcfab4f386f4fe0bef43bbcf505015069"
  integrity sha512-HfTn/bd8mfy/61vEqaBelNiNnvAbUtME2S25A67Nb34zVuCSCRIX4SseXY6zBnOFj3oLisaEqhVcJmVPAej67g==
  dependencies:
    "@firebase/component" "0.6.4"
    "@firebase/installations" "0.6.4"
    "@firebase/logger" "0.4.0"
    "@firebase/util" "1.9.3"
    tslib "^2.1.0"

"@firebase/remote-config-compat@0.2.4":
  version "0.2.4"
  resolved "https://registry.yarnpkg.com/@firebase/remote-config-compat/-/remote-config-compat-0.2.4.tgz#1f494c81a6c9560b1f9ca1b4fbd4bbbe47cf4776"
  integrity sha512-FKiki53jZirrDFkBHglB3C07j5wBpitAaj8kLME6g8Mx+aq7u9P7qfmuSRytiOItADhWUj7O1JIv7n9q87SuwA==
  dependencies:
    "@firebase/component" "0.6.4"
    "@firebase/logger" "0.4.0"
    "@firebase/remote-config" "0.4.4"
    "@firebase/remote-config-types" "0.3.0"
    "@firebase/util" "1.9.3"
    tslib "^2.1.0"

"@firebase/remote-config-types@0.3.0":
  version "0.3.0"
  resolved "https://registry.yarnpkg.com/@firebase/remote-config-types/-/remote-config-types-0.3.0.tgz#689900dcdb3e5c059e8499b29db393e4e51314b4"
  integrity sha512-RtEH4vdcbXZuZWRZbIRmQVBNsE7VDQpet2qFvq6vwKLBIQRQR5Kh58M4ok3A3US8Sr3rubYnaGqZSurCwI8uMA==

"@firebase/remote-config@0.4.4":
  version "0.4.4"
  resolved "https://registry.yarnpkg.com/@firebase/remote-config/-/remote-config-0.4.4.tgz#6a496117054de58744bc9f382d2a6d1e14060c65"
  integrity sha512-x1ioTHGX8ZwDSTOVp8PBLv2/wfwKzb4pxi0gFezS5GCJwbLlloUH4YYZHHS83IPxnua8b6l0IXUaWd0RgbWwzQ==
  dependencies:
    "@firebase/component" "0.6.4"
    "@firebase/installations" "0.6.4"
    "@firebase/logger" "0.4.0"
    "@firebase/util" "1.9.3"
    tslib "^2.1.0"

"@firebase/storage-compat@0.3.2":
  version "0.3.2"
  resolved "https://registry.yarnpkg.com/@firebase/storage-compat/-/storage-compat-0.3.2.tgz#51a97170fd652a516f729f82b97af369e5a2f8d7"
  integrity sha512-wvsXlLa9DVOMQJckbDNhXKKxRNNewyUhhbXev3t8kSgoCotd1v3MmqhKKz93ePhDnhHnDs7bYHy+Qa8dRY6BXw==
  dependencies:
    "@firebase/component" "0.6.4"
    "@firebase/storage" "0.11.2"
    "@firebase/storage-types" "0.8.0"
    "@firebase/util" "1.9.3"
    tslib "^2.1.0"

"@firebase/storage-types@0.8.0":
  version "0.8.0"
  resolved "https://registry.yarnpkg.com/@firebase/storage-types/-/storage-types-0.8.0.tgz#f1e40a5361d59240b6e84fac7fbbbb622bfaf707"
  integrity sha512-isRHcGrTs9kITJC0AVehHfpraWFui39MPaU7Eo8QfWlqW7YPymBmRgjDrlOgFdURh6Cdeg07zmkLP5tzTKRSpg==

"@firebase/storage@0.11.2":
  version "0.11.2"
  resolved "https://registry.yarnpkg.com/@firebase/storage/-/storage-0.11.2.tgz#c5e0316543fe1c4026b8e3910f85ad73f5b77571"
  integrity sha512-CtvoFaBI4hGXlXbaCHf8humajkbXhs39Nbh6MbNxtwJiCqxPy9iH3D3CCfXAvP0QvAAwmJUTK3+z9a++Kc4nkA==
  dependencies:
    "@firebase/component" "0.6.4"
    "@firebase/util" "1.9.3"
    node-fetch "2.6.7"
    tslib "^2.1.0"

"@firebase/util@1.9.3":
  version "1.9.3"
  resolved "https://registry.yarnpkg.com/@firebase/util/-/util-1.9.3.tgz#45458dd5cd02d90e55c656e84adf6f3decf4b7ed"
  integrity sha512-DY02CRhOZwpzO36fHpuVysz6JZrscPiBXD0fXp6qSrL9oNOx5KWICKdR95C0lSITzxp0TZosVyHqzatE8JbcjA==
  dependencies:
    tslib "^2.1.0"

"@firebase/webchannel-wrapper@0.10.1":
  version "0.10.1"
  resolved "https://registry.yarnpkg.com/@firebase/webchannel-wrapper/-/webchannel-wrapper-0.10.1.tgz#60bb2aaf129f9e00621f8d698722ddba6ee1f8ac"
  integrity sha512-Dq5rYfEpdeel0bLVN+nfD1VWmzCkK+pJbSjIawGE+RY4+NIJqhbUDDQjvV0NUK84fMfwxvtFoCtEe70HfZjFcw==

"@grpc/grpc-js@~1.7.0":
  version "1.7.3"
  resolved "https://registry.yarnpkg.com/@grpc/grpc-js/-/grpc-js-1.7.3.tgz#f2ea79f65e31622d7f86d4b4c9ae38f13ccab99a"
  integrity sha512-H9l79u4kJ2PVSxUNA08HMYAnUBLj9v6KjYQ7SQ71hOZcEXhShE/y5iQCesP8+6/Ik/7i2O0a10bPquIcYfufog==
  dependencies:
    "@grpc/proto-loader" "^0.7.0"
    "@types/node" ">=12.12.47"

"@grpc/proto-loader@^0.6.13":
  version "0.6.13"
  resolved "https://registry.yarnpkg.com/@grpc/proto-loader/-/proto-loader-0.6.13.tgz#008f989b72a40c60c96cd4088522f09b05ac66bc"
  integrity sha512-FjxPYDRTn6Ec3V0arm1FtSpmP6V50wuph2yILpyvTKzjc76oDdoihXqM1DzOW5ubvCC8GivfCnNtfaRE8myJ7g==
  dependencies:
    "@types/long" "^4.0.1"
    lodash.camelcase "^4.3.0"
    long "^4.0.0"
    protobufjs "^6.11.3"
    yargs "^16.2.0"

"@grpc/proto-loader@^0.7.0":
  version "0.7.4"
  resolved "https://registry.yarnpkg.com/@grpc/proto-loader/-/proto-loader-0.7.4.tgz#4946a84fbf47c3ddd4e6a97acb79d69a9f47ebf2"
  integrity sha512-MnWjkGwqQ3W8fx94/c1CwqLsNmHHv2t0CFn+9++6+cDphC1lolpg9M2OU0iebIjK//pBNX9e94ho+gjx6vz39w==
  dependencies:
    "@types/long" "^4.0.1"
    lodash.camelcase "^4.3.0"
    long "^4.0.0"
    protobufjs "^7.0.0"
    yargs "^16.2.0"

"@pankod/refine-core@^3.95.3":
  version "3.95.3"
  resolved "https://registry.yarnpkg.com/@pankod/refine-core/-/refine-core-3.95.3.tgz#12138f7ac705f4575f7b7ac7e18a8c5194c1a826"
  integrity sha512-rMgD4FQ6V4RoMK83/C8aroSof4f4VvbyVncm63ybuhHQS4YH1TCYg8hbKWVIAfDE9A3qqRAGO07SKHIaRur5Ww==
  dependencies:
    "@tanstack/react-query" "^4.10.1"
    "@tanstack/react-query-devtools" "^4.10.1"
    export-to-csv-fix-source-map "^0.2.1"
    lodash "^4.17.21"
    lodash-es "^4.17.21"
    papaparse "^5.3.0"
    pluralize "^8.0.0"
    qs "^6.10.1"
    tslib "^2.3.1"
    warn-once "^0.1.0"

"@protobufjs/aspromise@^1.1.1", "@protobufjs/aspromise@^1.1.2":
  version "1.1.2"
  resolved "https://registry.yarnpkg.com/@protobufjs/aspromise/-/aspromise-1.1.2.tgz#9b8b0cc663d669a7d8f6f5d0893a14d348f30fbf"
  integrity sha1-m4sMxmPWaafY9vXQiToU00jzD78=

"@protobufjs/base64@^1.1.2":
  version "1.1.2"
  resolved "https://registry.npmjs.org/@protobufjs/base64/-/base64-1.1.2.tgz"
  integrity sha512-AZkcAA5vnN/v4PDqKyMR5lx7hZttPDgClv83E//FMNhR2TMcLUhfRUBHCmSl0oi9zMgDDqRUJkSxO3wm85+XLg==

"@protobufjs/codegen@^2.0.4":
  version "2.0.4"
  resolved "https://registry.npmjs.org/@protobufjs/codegen/-/codegen-2.0.4.tgz"
  integrity sha512-YyFaikqM5sH0ziFZCN3xDC7zeGaB/d0IUb9CATugHWbd1FRFwWwt4ld4OYMPWu5a3Xe01mGAULCdqhMlPl29Jg==

"@protobufjs/eventemitter@^1.1.0":
  version "1.1.0"
  resolved "https://registry.yarnpkg.com/@protobufjs/eventemitter/-/eventemitter-1.1.0.tgz#355cbc98bafad5978f9ed095f397621f1d066b70"
  integrity sha1-NVy8mLr61ZePntCV85diHx0Ga3A=

"@protobufjs/fetch@^1.1.0":
  version "1.1.0"
  resolved "https://registry.yarnpkg.com/@protobufjs/fetch/-/fetch-1.1.0.tgz#ba99fb598614af65700c1619ff06d454b0d84c45"
  integrity sha1-upn7WYYUr2VwDBYZ/wbUVLDYTEU=
  dependencies:
    "@protobufjs/aspromise" "^1.1.1"
    "@protobufjs/inquire" "^1.1.0"

"@protobufjs/float@^1.0.2":
  version "1.0.2"
  resolved "https://registry.yarnpkg.com/@protobufjs/float/-/float-1.0.2.tgz#5e9e1abdcb73fc0a7cb8b291df78c8cbd97b87d1"
  integrity sha1-Xp4avctz/Ap8uLKR33jIy9l7h9E=

"@protobufjs/inquire@^1.1.0":
  version "1.1.0"
  resolved "https://registry.yarnpkg.com/@protobufjs/inquire/-/inquire-1.1.0.tgz#ff200e3e7cf2429e2dcafc1140828e8cc638f089"
  integrity sha1-/yAOPnzyQp4tyvwRQIKOjMY48Ik=

"@protobufjs/path@^1.1.2":
  version "1.1.2"
  resolved "https://registry.yarnpkg.com/@protobufjs/path/-/path-1.1.2.tgz#6cc2b20c5c9ad6ad0dccfd21ca7673d8d7fbf68d"
  integrity sha1-bMKyDFya1q0NzP0hynZz2Nf79o0=

"@protobufjs/pool@^1.1.0":
  version "1.1.0"
  resolved "https://registry.yarnpkg.com/@protobufjs/pool/-/pool-1.1.0.tgz#09fd15f2d6d3abfa9b65bc366506d6ad7846ff54"
  integrity sha1-Cf0V8tbTq/qbZbw2ZQbWrXhG/1Q=

"@protobufjs/utf8@^1.1.0":
  version "1.1.0"
  resolved "https://registry.yarnpkg.com/@protobufjs/utf8/-/utf8-1.1.0.tgz#a777360b5b39a1a2e5106f8e858f2fd2d060c570"
  integrity sha1-p3c2C1s5oaLlEG+OhY8v0tBgxXA=

"@tanstack/match-sorter-utils@^8.7.0":
  version "8.19.4"
  resolved "https://registry.yarnpkg.com/@tanstack/match-sorter-utils/-/match-sorter-utils-8.19.4.tgz#dacf772b5d94f4684f10dbeb2518cf72dccab8a5"
  integrity sha512-Wo1iKt2b9OT7d+YGhvEPD3DXvPv2etTusIMhMUoG7fbhmxcXCtIjJDEygy91Y2JFlwGyjqiBPRozme7UD8hoqg==
  dependencies:
    remove-accents "0.5.0"

"@tanstack/query-core@4.36.1":
  version "4.36.1"
  resolved "https://registry.yarnpkg.com/@tanstack/query-core/-/query-core-4.36.1.tgz#79f8c1a539d47c83104210be2388813a7af2e524"
  integrity sha512-DJSilV5+ytBP1FbFcEJovv4rnnm/CokuVvrBEtW/Va9DvuJ3HksbXUJEpI0aV1KtuL4ZoO9AVE6PyNLzF7tLeA==

"@tanstack/react-query-devtools@^4.10.1":
  version "4.36.1"
  resolved "https://registry.yarnpkg.com/@tanstack/react-query-devtools/-/react-query-devtools-4.36.1.tgz#7e63601135902a993ca9af73507b125233b1554e"
  integrity sha512-WYku83CKP3OevnYSG8Y/QO9g0rT75v1om5IvcWUwiUZJ4LanYGLVCZ8TdFG5jfsq4Ej/lu2wwDAULEUnRIMBSw==
  dependencies:
    "@tanstack/match-sorter-utils" "^8.7.0"
    superjson "^1.10.0"
    use-sync-external-store "^1.2.0"

"@tanstack/react-query@^4.10.1":
  version "4.36.1"
  resolved "https://registry.yarnpkg.com/@tanstack/react-query/-/react-query-4.36.1.tgz#acb589fab4085060e2e78013164868c9c785e5d2"
  integrity sha512-y7ySVHFyyQblPl3J3eQBWpXZkliroki3ARnBKsdJchlgt7yJLRDUcf4B8soufgiYt3pEQIkBWBx1N9/ZPIeUWw==
  dependencies:
    "@tanstack/query-core" "4.36.1"
    use-sync-external-store "^1.2.0"

"@types/long@^4.0.1":
  version "4.0.1"
  resolved "https://registry.yarnpkg.com/@types/long/-/long-4.0.1.tgz#459c65fa1867dafe6a8f322c4c51695663cc55e9"
  integrity sha512-5tXH6Bx/kNGd3MgffdmP4dy2Z+G4eaXw0SE81Tq3BNadtnMR5/ySMzX4SLEzHJzSmPNn4HIdpQsBvXMUykr58w==

"@types/node@>=12.12.47", "@types/node@>=13.7.0":
  version "16.11.6"
  resolved "https://registry.yarnpkg.com/@types/node/-/node-16.11.6.tgz#6bef7a2a0ad684cf6e90fcfe31cecabd9ce0a3ae"
  integrity sha512-ua7PgUoeQFjmWPcoo9khiPum3Pd60k4/2ZGXt18sm2Slk0W0xZTqt5Y0Ny1NyBiN1EVQ/+FaF9NcY4Qe6rwk5w==

"@types/uuid@^8.3.1":
  version "8.3.1"
  resolved "https://registry.npmjs.org/@types/uuid/-/uuid-8.3.1.tgz"
  integrity sha512-Y2mHTRAbqfFkpjldbkHGY8JIzRN6XqYRliG8/24FcHm2D2PwW24fl5xMRTVGdrb7iMrwCaIEbLWerGIkXuFWVg==

ansi-regex@^5.0.1:
  version "5.0.1"
  resolved "https://registry.npmjs.org/ansi-regex/-/ansi-regex-5.0.1.tgz"
  integrity sha512-quJQXlTSUGL2LH9SUXo8VwsY4soanhgo6LNSm84E1LBcE8s3O0wpdiRzyR9z/ZZJMlMWv37qOOb9pdJlMUEKFQ==

ansi-styles@^4.0.0:
  version "4.3.0"
  resolved "https://registry.npmjs.org/ansi-styles/-/ansi-styles-4.3.0.tgz"
  integrity sha512-zbB9rCJAT1rbjiVDb2hqKFHNYLxgtk8NURxZ3IZwD3F6NtxbXZQCnnSi1Lkx+IDohdPlFp222wVALIheZJQSEg==
  dependencies:
    color-convert "^2.0.1"

call-bind@^1.0.7:
  version "1.0.7"
  resolved "https://registry.yarnpkg.com/call-bind/-/call-bind-1.0.7.tgz#06016599c40c56498c18769d2730be242b6fa3b9"
  integrity sha512-GHTSNSYICQ7scH7sZ+M2rFopRoLh8t2bLSW6BbgrtLsahOIB5iyAVJf9GjWK3cYTDaMj4XdBpM1cA6pIS0Kv2w==
  dependencies:
    es-define-property "^1.0.0"
    es-errors "^1.3.0"
    function-bind "^1.1.2"
    get-intrinsic "^1.2.4"
    set-function-length "^1.2.1"

cliui@^7.0.2:
  version "7.0.4"
  resolved "https://registry.npmjs.org/cliui/-/cliui-7.0.4.tgz"
  integrity sha512-OcRE68cOsVMXp1Yvonl/fzkQOyjLSu/8bhPDfQt0e0/Eb283TKP20Fs2MqoPsr9SwA595rRCA+QMzYc9nBP+JQ==
  dependencies:
    string-width "^4.2.0"
    strip-ansi "^6.0.0"
    wrap-ansi "^7.0.0"

color-convert@^2.0.1:
  version "2.0.1"
  resolved "https://registry.npmjs.org/color-convert/-/color-convert-2.0.1.tgz"
  integrity sha512-RRECPsj7iu/xb5oKYcsFHSppFNnsj/52OVTRKb4zP5onXwVF3zVmmToNcOfGC+CRDpfK/U584fMg38ZHCaElKQ==
  dependencies:
    color-name "~1.1.4"

color-name@~1.1.4:
  version "1.1.4"
  resolved "https://registry.npmjs.org/color-name/-/color-name-1.1.4.tgz"
  integrity sha512-dOy+3AuW3a2wNbZHIuMZpTcgjGuLU/uBL/ubcZF9OXbDo8ff4O8yVp5Bf0efS8uEoYo5q4Fx7dY9OgQGXgAsQA==

copy-anything@^3.0.2:
  version "3.0.5"
  resolved "https://registry.yarnpkg.com/copy-anything/-/copy-anything-3.0.5.tgz#2d92dce8c498f790fa7ad16b01a1ae5a45b020a0"
  integrity sha512-yCEafptTtb4bk7GLEQoM8KVJpxAfdBJYaXyzQEgQQQgYrZiDp8SJmGKlYza6CYjEDNstAdNdKA3UuoULlEbS6w==
  dependencies:
    is-what "^4.1.8"

define-data-property@^1.1.4:
  version "1.1.4"
  resolved "https://registry.yarnpkg.com/define-data-property/-/define-data-property-1.1.4.tgz#894dc141bb7d3060ae4366f6a0107e68fbe48c5e"
  integrity sha512-rBMvIzlpA8v6E+SJZoo++HAYqsLrkg7MSfIinMPFhmkorw7X+dOXVJQs+QT69zGkzMyfDnIMN2Wid1+NbL3T+A==
  dependencies:
    es-define-property "^1.0.0"
    es-errors "^1.3.0"
    gopd "^1.0.1"

emoji-regex@^8.0.0:
  version "8.0.0"
  resolved "https://registry.npmjs.org/emoji-regex/-/emoji-regex-8.0.0.tgz"
  integrity sha512-MSjYzcWNOA0ewAHpz0MxpYFvwg6yjy1NG3xteoqz644VCo/RPgnr1/GGt+ic3iJTzQ8Eu3TdM14SawnVUmGE6A==

es-define-property@^1.0.0:
  version "1.0.0"
  resolved "https://registry.yarnpkg.com/es-define-property/-/es-define-property-1.0.0.tgz#c7faefbdff8b2696cf5f46921edfb77cc4ba3845"
  integrity sha512-jxayLKShrEqqzJ0eumQbVhTYQM27CfT1T35+gCgDFoL82JLsXqTJ76zv6A0YLOgEnLUMvLzsDsGIrl8NFpT2gQ==
  dependencies:
    get-intrinsic "^1.2.4"

es-errors@^1.3.0:
  version "1.3.0"
  resolved "https://registry.yarnpkg.com/es-errors/-/es-errors-1.3.0.tgz#05f75a25dab98e4fb1dcd5e1472c0546d5057c8f"
  integrity sha512-Zf5H2Kxt2xjTvbJvP2ZWLEICxA6j+hAmMzIlypy4xcBg1vKVnx89Wy0GbS+kf5cwCVFFzdCFh2XSCFNULS6csw==

escalade@^3.1.1:
  version "3.1.1"
  resolved "https://registry.npmjs.org/escalade/-/escalade-3.1.1.tgz"
  integrity sha512-k0er2gUkLf8O0zKJiAhmkTnJlTvINGv7ygDNPbeIsX/TJjGJZHuh9B2UxbsaEkmlEo9MfhrSzmhIlhRlI2GXnw==

export-to-csv-fix-source-map@^0.2.1:
  version "0.2.1"
  resolved "https://registry.yarnpkg.com/export-to-csv-fix-source-map/-/export-to-csv-fix-source-map-0.2.1.tgz#820020401ae7a29e3d08b9f863c03a112038bb8e"
  integrity sha512-02CGZG9Kduc0l9ErJ5b+99+PjeQIyoeVGz+f7/Yc04V4YKNPbdT63sQqBC5RW05va4w0MZen7pQpf92H3funYw==

faye-websocket@0.11.4:
  version "0.11.4"
  resolved "https://registry.npmjs.org/faye-websocket/-/faye-websocket-0.11.4.tgz"
  integrity sha512-CzbClwlXAuiRQAlUyfqPgvPoNKTckTPGfwZV4ZdAhVcP2lh9KUxJg2b5GkE7XbjKQ3YJnQ9z6D9ntLAlB+tP8g==
  dependencies:
    websocket-driver ">=0.5.1"

firebase@^9.16.0:
  version "9.23.0"
  resolved "https://registry.yarnpkg.com/firebase/-/firebase-9.23.0.tgz#71fea60d704bfed8e92162911544fd6564a04d0e"
  integrity sha512-/4lUVY0lUvBDIaeY1q6dUYhS8Sd18Qb9CgWkPZICUo9IXpJNCEagfNZXBBFCkMTTN5L5gx2Hjr27y21a9NzUcA==
  dependencies:
    "@firebase/analytics" "0.10.0"
    "@firebase/analytics-compat" "0.2.6"
    "@firebase/app" "0.9.13"
    "@firebase/app-check" "0.8.0"
    "@firebase/app-check-compat" "0.3.7"
    "@firebase/app-compat" "0.2.13"
    "@firebase/app-types" "0.9.0"
    "@firebase/auth" "0.23.2"
    "@firebase/auth-compat" "0.4.2"
    "@firebase/database" "0.14.4"
    "@firebase/database-compat" "0.3.4"
    "@firebase/firestore" "3.13.0"
    "@firebase/firestore-compat" "0.3.12"
    "@firebase/functions" "0.10.0"
    "@firebase/functions-compat" "0.3.5"
    "@firebase/installations" "0.6.4"
    "@firebase/installations-compat" "0.2.4"
    "@firebase/messaging" "0.12.4"
    "@firebase/messaging-compat" "0.2.4"
    "@firebase/performance" "0.6.4"
    "@firebase/performance-compat" "0.2.4"
    "@firebase/remote-config" "0.4.4"
    "@firebase/remote-config-compat" "0.2.4"
    "@firebase/storage" "0.11.2"
    "@firebase/storage-compat" "0.3.2"
    "@firebase/util" "1.9.3"

function-bind@^1.1.2:
  version "1.1.2"
  resolved "https://registry.yarnpkg.com/function-bind/-/function-bind-1.1.2.tgz#2c02d864d97f3ea6c8830c464cbd11ab6eab7a1c"
  integrity sha512-7XHNxH7qX9xG5mIwxkhumTox/MIRNcOgDrxWsMt2pAr23WHp6MrRlN7FBSFpCpr+oVO0F744iUgR82nJMfG2SA==

get-caller-file@^2.0.5:
  version "2.0.5"
  resolved "https://registry.npmjs.org/get-caller-file/-/get-caller-file-2.0.5.tgz"
  integrity sha512-DyFP3BM/3YHTQOCUL/w0OZHR0lpKeGrxotcHWcqNEdnltqFwXVfhEBQ94eIo34AfQpo0rGki4cyIiftY06h2Fg==

get-intrinsic@^1.1.3, get-intrinsic@^1.2.4:
  version "1.2.4"
  resolved "https://registry.yarnpkg.com/get-intrinsic/-/get-intrinsic-1.2.4.tgz#e385f5a4b5227d449c3eabbad05494ef0abbeadd"
  integrity sha512-5uYhsJH8VJBTv7oslg4BznJYhDoRI6waYCxMmCdnTrcCrHA/fCFKoTFz2JKKE0HdDFUF7/oQuhzumXJK7paBRQ==
  dependencies:
    es-errors "^1.3.0"
    function-bind "^1.1.2"
    has-proto "^1.0.1"
    has-symbols "^1.0.3"
    hasown "^2.0.0"

gopd@^1.0.1:
  version "1.0.1"
  resolved "https://registry.yarnpkg.com/gopd/-/gopd-1.0.1.tgz#29ff76de69dac7489b7c0918a5788e56477c332c"
  integrity sha512-d65bNlIadxvpb/A2abVdlqKqV563juRnZ1Wtk6s1sIR8uNsXR70xqIzVqxVf1eTqDunwT2MkczEeaezCKTZhwA==
  dependencies:
    get-intrinsic "^1.1.3"

has-property-descriptors@^1.0.2:
  version "1.0.2"
  resolved "https://registry.yarnpkg.com/has-property-descriptors/-/has-property-descriptors-1.0.2.tgz#963ed7d071dc7bf5f084c5bfbe0d1b6222586854"
  integrity sha512-55JNKuIW+vq4Ke1BjOTjM2YctQIvCT7GFzHwmfZPGo5wnrgkid0YQtnAleFSqumZm4az3n2BS+erby5ipJdgrg==
  dependencies:
    es-define-property "^1.0.0"

has-proto@^1.0.1:
  version "1.0.3"
  resolved "https://registry.yarnpkg.com/has-proto/-/has-proto-1.0.3.tgz#b31ddfe9b0e6e9914536a6ab286426d0214f77fd"
  integrity sha512-SJ1amZAJUiZS+PhsVLf5tGydlaVB8EdFpaSO4gmiUKUOxk8qzn5AIy4ZeJUmh22znIdk/uMAUT2pl3FxzVUH+Q==

has-symbols@^1.0.3:
  version "1.0.3"
  resolved "https://registry.yarnpkg.com/has-symbols/-/has-symbols-1.0.3.tgz#bb7b2c4349251dce87b125f7bdf874aa7c8b39f8"
  integrity sha512-l3LCuF6MgDNwTDKkdYGEihYjt5pRPbEg46rtlmnSPlUbgmB8LOIrKJbYYFBSbnPaJexMKtiPO8hmeRjRz2Td+A==

hasown@^2.0.0:
  version "2.0.2"
  resolved "https://registry.yarnpkg.com/hasown/-/hasown-2.0.2.tgz#003eaf91be7adc372e84ec59dc37252cedb80003"
  integrity sha512-0hJU9SCPvmMzIBdZFqNPXWa6dqh7WdH0cII9y+CyS8rG3nL48Bclra9HmKhVVUHyPWNH5Y7xDwAB7bfgSjkUMQ==
  dependencies:
    function-bind "^1.1.2"

http-parser-js@>=0.5.1:
  version "0.5.3"
  resolved "https://registry.yarnpkg.com/http-parser-js/-/http-parser-js-0.5.3.tgz#01d2709c79d41698bb01d4decc5e9da4e4a033d9"
  integrity sha512-t7hjvef/5HEK7RWTdUzVUhl8zkEu+LlaE0IYzdMuvbSDipxBRpOn4Uhw8ZyECEa808iVT8XCjzo6xmYt4CiLZg==

idb@7.0.1:
  version "7.0.1"
  resolved "https://registry.yarnpkg.com/idb/-/idb-7.0.1.tgz#d2875b3a2f205d854ee307f6d196f246fea590a7"
  integrity sha512-UUxlE7vGWK5RfB/fDwEGgRf84DY/ieqNha6msMV99UsEMQhJ1RwbCd8AYBj3QMgnE3VZnfQvm4oKVCJTYlqIgg==

idb@7.1.1:
  version "7.1.1"
  resolved "https://registry.yarnpkg.com/idb/-/idb-7.1.1.tgz#d910ded866d32c7ced9befc5bfdf36f572ced72b"
  integrity sha512-gchesWBzyvGHRO9W8tzUWFDycow5gwjvFKfyV9FF32Y7F50yZMp7mP+T2mJIWFx49zicqyC4uefHM17o6xKIVQ==

is-fullwidth-code-point@^3.0.0:
  version "3.0.0"
  resolved "https://registry.npmjs.org/is-fullwidth-code-point/-/is-fullwidth-code-point-3.0.0.tgz"
  integrity sha512-zymm5+u+sCsSWyD9qNaejV3DFvhCKclKdizYaJUuHA83RLjb7nSuGnddCHGv0hk+KY7BMAlsWeK4Ueg6EV6XQg==

is-what@^4.1.8:
  version "4.1.16"
  resolved "https://registry.yarnpkg.com/is-what/-/is-what-4.1.16.tgz#1ad860a19da8b4895ad5495da3182ce2acdd7a6f"
  integrity sha512-ZhMwEosbFJkA0YhFnNDgTM4ZxDRsS6HqTo7qsZM08fehyRYIYa0yHu5R6mgo1n/8MgaPBXiPimPD77baVFYg+A==

lodash-es@^4.17.21:
  version "4.17.21"
  resolved "https://registry.yarnpkg.com/lodash-es/-/lodash-es-4.17.21.tgz#43e626c46e6591b7750beb2b50117390c609e3ee"
  integrity sha512-mKnC+QJ9pWVzv+C4/U3rRsHapFfHvQFoFB92e52xeyGMcX6/OlIl78je1u8vePzYZSkkogMPJ2yjxxsb89cxyw==

lodash.camelcase@^4.3.0:
  version "4.3.0"
  resolved "https://registry.yarnpkg.com/lodash.camelcase/-/lodash.camelcase-4.3.0.tgz#b28aa6288a2b9fc651035c7711f65ab6190331a6"
  integrity sha1-soqmKIorn8ZRA1x3EfZathkDMaY=

lodash@^4.17.21:
  version "4.17.21"
  resolved "https://registry.yarnpkg.com/lodash/-/lodash-4.17.21.tgz#679591c564c3bffaae8454cf0b3df370c3d6911c"
  integrity sha512-v2kDEe57lecTulaDIuNTPy3Ry4gLGJ6Z1O3vE1krgXZNrsQ+LFTGHVxVjcXPs17LhbZVGedAJv8XZ1tvj5FvSg==

long@^4.0.0:
  version "4.0.0"
  resolved "https://registry.npmjs.org/long/-/long-4.0.0.tgz"
  integrity sha512-XsP+KhQif4bjX1kbuSiySJFNAehNxgLb6hPRGJ9QsUr8ajHkuXGdrHmFUTUUXhDwVX2R5bY4JNZEwbUiMhV+MA==

long@^5.0.0:
  version "5.2.3"
  resolved "https://registry.yarnpkg.com/long/-/long-5.2.3.tgz#a3ba97f3877cf1d778eccbcb048525ebb77499e1"
  integrity sha512-lcHwpNoggQTObv5apGNCTdJrO69eHOZMi4BNC+rTLER8iHAqGrUVeLh/irVIM7zTw2bOXA8T6uNPeujwOLg/2Q==

node-fetch@2.6.7:
  version "2.6.7"
  resolved "https://registry.yarnpkg.com/node-fetch/-/node-fetch-2.6.7.tgz#24de9fba827e3b4ae44dc8b20256a379160052ad"
  integrity sha512-ZjMPFEfVx5j+y2yF35Kzx5sF7kDzxuDj6ziH4FFbOp87zKDZNx8yExJIb05OGF4Nlt9IHFIMBkRl41VdvcNdbQ==
  dependencies:
    whatwg-url "^5.0.0"

object-inspect@^1.13.1:
  version "1.13.2"
  resolved "https://registry.yarnpkg.com/object-inspect/-/object-inspect-1.13.2.tgz#dea0088467fb991e67af4058147a24824a3043ff"
  integrity sha512-IRZSRuzJiynemAXPYtPe5BoI/RESNYR7TYm50MC5Mqbd3Jmw5y790sErYw3V6SryFJD64b74qQQs9wn5Bg/k3g==

papaparse@^5.3.0:
  version "5.4.1"
  resolved "https://registry.yarnpkg.com/papaparse/-/papaparse-5.4.1.tgz#f45c0f871853578bd3a30f92d96fdcfb6ebea127"
  integrity sha512-HipMsgJkZu8br23pW15uvo6sib6wne/4woLZPlFf3rpDyMe9ywEXUsuD7+6K9PRkJlVT51j/sCOYDKGGS3ZJrw==

pluralize@^8.0.0:
  version "8.0.0"
  resolved "https://registry.yarnpkg.com/pluralize/-/pluralize-8.0.0.tgz#1a6fa16a38d12a1901e0320fa017051c539ce3b1"
  integrity sha512-Nc3IT5yHzflTfbjgqWcCPpo7DaKy4FnpB0l/zCAW0Tc7jxAiuqSxHasntB3D7887LSrA93kDJ9IXovxJYxyLCA==

protobufjs@^6.11.3:
  version "6.11.4"
  resolved "https://registry.yarnpkg.com/protobufjs/-/protobufjs-6.11.4.tgz#29a412c38bf70d89e537b6d02d904a6f448173aa"
  integrity sha512-5kQWPaJHi1WoCpjTGszzQ32PG2F4+wRY6BmAT4Vfw56Q2FZ4YZzK20xUYQH4YkfehY1e6QSICrJquM6xXZNcrw==
  dependencies:
    "@protobufjs/aspromise" "^1.1.2"
    "@protobufjs/base64" "^1.1.2"
    "@protobufjs/codegen" "^2.0.4"
    "@protobufjs/eventemitter" "^1.1.0"
    "@protobufjs/fetch" "^1.1.0"
    "@protobufjs/float" "^1.0.2"
    "@protobufjs/inquire" "^1.1.0"
    "@protobufjs/path" "^1.1.2"
    "@protobufjs/pool" "^1.1.0"
    "@protobufjs/utf8" "^1.1.0"
    "@types/long" "^4.0.1"
    "@types/node" ">=13.7.0"
    long "^4.0.0"

protobufjs@^7.0.0:
  version "7.4.0"
  resolved "https://registry.yarnpkg.com/protobufjs/-/protobufjs-7.4.0.tgz#7efe324ce9b3b61c82aae5de810d287bc08a248a"
  integrity sha512-mRUWCc3KUU4w1jU8sGxICXH/gNS94DvI1gxqDvBzhj1JpcsimQkYiOJfwsPUykUI5ZaspFbSgmBLER8IrQ3tqw==
  dependencies:
    "@protobufjs/aspromise" "^1.1.2"
    "@protobufjs/base64" "^1.1.2"
    "@protobufjs/codegen" "^2.0.4"
    "@protobufjs/eventemitter" "^1.1.0"
    "@protobufjs/fetch" "^1.1.0"
    "@protobufjs/float" "^1.0.2"
    "@protobufjs/inquire" "^1.1.0"
    "@protobufjs/path" "^1.1.2"
    "@protobufjs/pool" "^1.1.0"
    "@protobufjs/utf8" "^1.1.0"
    "@types/node" ">=13.7.0"
    long "^5.0.0"

qs@^6.10.1:
  version "6.13.0"
  resolved "https://registry.yarnpkg.com/qs/-/qs-6.13.0.tgz#6ca3bd58439f7e245655798997787b0d88a51906"
  integrity sha512-+38qI9SOr8tfZ4QmJNplMUxqjbe7LKvvZgWdExBOmd+egZTtjLB67Gu0HRX3u/XOq7UU2Nx6nsjvS16Z9uwfpg==
  dependencies:
    side-channel "^1.0.6"

remove-accents@0.5.0:
  version "0.5.0"
  resolved "https://registry.yarnpkg.com/remove-accents/-/remove-accents-0.5.0.tgz#77991f37ba212afba162e375b627631315bed687"
  integrity sha512-8g3/Otx1eJaVD12e31UbJj1YzdtVvzH85HV7t+9MJYk/u3XmkOUJ5Ys9wQrf9PCPK8+xn4ymzqYCiZl6QWKn+A==

require-directory@^2.1.1:
  version "2.1.1"
  resolved "https://registry.yarnpkg.com/require-directory/-/require-directory-2.1.1.tgz#8c64ad5fd30dab1c976e2344ffe7f792a6a6df42"
  integrity sha1-jGStX9MNqxyXbiNE/+f3kqam30I=

safe-buffer@>=5.1.0:
  version "5.2.1"
  resolved "https://registry.yarnpkg.com/safe-buffer/-/safe-buffer-5.2.1.tgz#1eaf9fa9bdb1fdd4ec75f58f9cdb4e6b7827eec6"
  integrity sha512-rp3So07KcdmmKbGvgaNxQSJr7bGVSVk5S9Eq1F+ppbRo70+YeaDxkw5Dd8NPN+GD6bjnYm2VuPuCXmpuYvmCXQ==

set-function-length@^1.2.1:
  version "1.2.2"
  resolved "https://registry.yarnpkg.com/set-function-length/-/set-function-length-1.2.2.tgz#aac72314198eaed975cf77b2c3b6b880695e5449"
  integrity sha512-pgRc4hJ4/sNjWCSS9AmnS40x3bNMDTknHgL5UaMBTMyJnU90EgWh1Rz+MC9eFu4BuN/UwZjKQuY/1v3rM7HMfg==
  dependencies:
    define-data-property "^1.1.4"
    es-errors "^1.3.0"
    function-bind "^1.1.2"
    get-intrinsic "^1.2.4"
    gopd "^1.0.1"
    has-property-descriptors "^1.0.2"

side-channel@^1.0.6:
  version "1.0.6"
  resolved "https://registry.yarnpkg.com/side-channel/-/side-channel-1.0.6.tgz#abd25fb7cd24baf45466406b1096b7831c9215f2"
  integrity sha512-fDW/EZ6Q9RiO8eFG8Hj+7u/oW+XrPTIChwCOM2+th2A6OblDtYYIpve9m+KvI9Z4C9qSEXlaGR6bTEYHReuglA==
  dependencies:
    call-bind "^1.0.7"
    es-errors "^1.3.0"
    get-intrinsic "^1.2.4"
    object-inspect "^1.13.1"

string-width@^4.1.0, string-width@^4.2.0:
  version "4.2.3"
  resolved "https://registry.npmjs.org/string-width/-/string-width-4.2.3.tgz"
  integrity sha512-wKyQRQpjJ0sIp62ErSZdGsjMJWsap5oRNihHhu6G7JVO/9jIB6UyevL+tXuOqrng8j/cxKTWyWUwvSTriiZz/g==
  dependencies:
    emoji-regex "^8.0.0"
    is-fullwidth-code-point "^3.0.0"
    strip-ansi "^6.0.1"

strip-ansi@^6.0.0, strip-ansi@^6.0.1:
  version "6.0.1"
  resolved "https://registry.npmjs.org/strip-ansi/-/strip-ansi-6.0.1.tgz"
  integrity sha512-Y38VPSHcqkFrCpFnQ9vuSXmquuv5oXOKpGeT6aGrr3o3Gc9AlVa6JBfUSOCnbxGGZF+/0ooI7KrPuUSztUdU5A==
  dependencies:
    ansi-regex "^5.0.1"

superjson@^1.10.0:
  version "1.13.3"
  resolved "https://registry.yarnpkg.com/superjson/-/superjson-1.13.3.tgz#3bd64046f6c0a47062850bb3180ef352a471f930"
  integrity sha512-mJiVjfd2vokfDxsQPOwJ/PtanO87LhpYY88ubI5dUB1Ab58Txbyje3+jpm+/83R/fevaq/107NNhtYBLuoTrFg==
  dependencies:
    copy-anything "^3.0.2"

tr46@~0.0.3:
  version "0.0.3"
  resolved "https://registry.yarnpkg.com/tr46/-/tr46-0.0.3.tgz#8184fd347dac9cdc185992f3a6622e14b9d9ab6a"
  integrity sha1-gYT9NH2snNwYWZLzpmIuFLnZq2o=

tslib@^2.1.0:
  version "2.3.1"
  resolved "https://registry.yarnpkg.com/tslib/-/tslib-2.3.1.tgz#e8a335add5ceae51aa261d32a490158ef042ef01"
  integrity sha512-77EbyPPpMz+FRFRuAFlWMtmgUWGe9UOG2Z25NqCwiIjRhOf5iKGuzSe5P2w1laq+FkRy4p+PCuVkJSGkzTEKVw==

tslib@^2.3.1:
  version "2.8.0"
  resolved "https://registry.yarnpkg.com/tslib/-/tslib-2.8.0.tgz#d124c86c3c05a40a91e6fdea4021bd31d377971b"
  integrity sha512-jWVzBLplnCmoaTr13V9dYbiQ99wvZRd0vNWaDRg+aVYRcjDF3nDksxFDE/+fkXnKhpnUUkmx5pK/v8mCtLVqZA==

typescript@^4.9.4:
  version "4.9.5"
  resolved "https://registry.yarnpkg.com/typescript/-/typescript-4.9.5.tgz#095979f9bcc0d09da324d58d03ce8f8374cbe65a"
  integrity sha512-1FXk9E2Hm+QzZQ7z+McJiHL4NW1F2EzMu9Nq9i3zAaGqibafqYwCVU6WyWAuyQRRzOlxou8xZSyXLEN8oKj24g==

use-sync-external-store@^1.2.0:
  version "1.2.2"
  resolved "https://registry.yarnpkg.com/use-sync-external-store/-/use-sync-external-store-1.2.2.tgz#c3b6390f3a30eba13200d2302dcdf1e7b57b2ef9"
  integrity sha512-PElTlVMwpblvbNqQ82d2n6RjStvdSoNe9FG28kNfz3WiXilJm4DdNkEzRhCZuIDwY8U08WVihhGR5iRqAwfDiw==

uuid@^9.0.0:
  version "9.0.1"
  resolved "https://registry.yarnpkg.com/uuid/-/uuid-9.0.1.tgz#e188d4c8853cc722220392c424cd637f32293f30"
  integrity sha512-b+1eJOlsR9K8HJpow9Ok3fiWOWSIcIzXodvv0rQjVoOVNpWMpxf1wZNpt4y9h10odCNrqnYp1OBzRktckBe3sA==

warn-once@^0.1.0:
  version "0.1.1"
  resolved "https://registry.yarnpkg.com/warn-once/-/warn-once-0.1.1.tgz#952088f4fb56896e73fd4e6a3767272a3fccce43"
  integrity sha512-VkQZJbO8zVImzYFteBXvBOZEl1qL175WH8VmZcxF2fZAoudNhNDvHi+doCaAEdU2l2vtcIwa2zn0QK5+I1HQ3Q==

webidl-conversions@^3.0.0:
  version "3.0.1"
  resolved "https://registry.yarnpkg.com/webidl-conversions/-/webidl-conversions-3.0.1.tgz#24534275e2a7bc6be7bc86611cc16ae0a5654871"
  integrity sha1-JFNCdeKnvGvnvIZhHMFq4KVlSHE=

websocket-driver@>=0.5.1:
  version "0.7.4"
  resolved "https://registry.npmjs.org/websocket-driver/-/websocket-driver-0.7.4.tgz"
  integrity sha512-b17KeDIQVjvb0ssuSDF2cYXSg2iztliJ4B9WdsuB6J952qCPKmnVq4DyW5motImXHDC1cBT/1UezrJVsKw5zjg==
  dependencies:
    http-parser-js ">=0.5.1"
    safe-buffer ">=5.1.0"
    websocket-extensions ">=0.1.1"

websocket-extensions@>=0.1.1:
  version "0.1.4"
  resolved "https://registry.npmjs.org/websocket-extensions/-/websocket-extensions-0.1.4.tgz"
  integrity sha512-OqedPIGOfsDlo31UNwYbCFMSaO9m9G/0faIHj5/dZFDMFqPTcx6UwqyOy3COEaEOg/9VsGIpdqn62W5KhoKSpg==

whatwg-url@^5.0.0:
  version "5.0.0"
  resolved "https://registry.yarnpkg.com/whatwg-url/-/whatwg-url-5.0.0.tgz#966454e8765462e37644d3626f6742ce8b70965d"
  integrity sha1-lmRU6HZUYuN2RNNib2dCzotwll0=
  dependencies:
    tr46 "~0.0.3"
    webidl-conversions "^3.0.0"

wrap-ansi@^7.0.0:
  version "7.0.0"
  resolved "https://registry.npmjs.org/wrap-ansi/-/wrap-ansi-7.0.0.tgz"
  integrity sha512-YVGIj2kamLSTxw6NsZjoBxfSwsn0ycdesmc4p+Q21c5zPuZ1pl+NfxVdxPtdHvmNVOQ6XSYG4AUtyt/Fi7D16Q==
  dependencies:
    ansi-styles "^4.0.0"
    string-width "^4.1.0"
    strip-ansi "^6.0.0"

y18n@^5.0.5:
  version "5.0.8"
  resolved "https://registry.npmjs.org/y18n/-/y18n-5.0.8.tgz"
  integrity sha512-0pfFzegeDWJHJIAmTLRP2DwHjdF5s7jo9tuztdQxAhINCdvS+3nGINqPd00AphqJR/0LhANUS6/+7SCb98YOfA==

yargs-parser@^20.2.2:
  version "20.2.9"
  resolved "https://registry.yarnpkg.com/yargs-parser/-/yargs-parser-20.2.9.tgz#2eb7dc3b0289718fc295f362753845c41a0c94ee"
  integrity sha512-y11nGElTIV+CT3Zv9t7VKl+Q3hTQoT9a1Qzezhhl6Rp21gJ/IVTW7Z3y9EWXhuUBC2Shnf+DX0antecpAwSP8w==

yargs@^16.2.0:
  version "16.2.0"
  resolved "https://registry.yarnpkg.com/yargs/-/yargs-16.2.0.tgz#1c82bf0f6b6a66eafce7ef30e376f49a12477f66"
  integrity sha512-D1mvvtDG0L5ft/jGWkLpG1+m0eQxOfaBvTNELraWj22wSVUMWxZUvYgJYcKh6jGGIkJFhH4IZPQhR4TKpc8mBw==
  dependencies:
    cliui "^7.0.2"
    escalade "^3.1.1"
    get-caller-file "^2.0.5"
    require-directory "^2.1.1"
    string-width "^4.2.0"
    y18n "^5.0.5"
    yargs-parser "^20.2.2"
